
Microsoft Visual Studio Solution File, Format Version 12.00
# Visual Studio Version 17
VisualStudioVersion = 17.8.34511.84
MinimumVisualStudioVersion = 10.0.40219.1
Project("{FAE04EC0-301F-11D3-BF4B-00C04F79EFBC}") = "Задание 8", "Задание 8\Задание 8.csproj", "{BCB61BD2-AD9A-46DD-A3D8-AFCEAA687D03}"
EndProject
Global
	GlobalSection(SolutionConfigurationPlatforms) = preSolution
		Debug|Any CPU = Debug|Any CPU
		Release|Any CPU = Release|Any CPU
	EndGlobalSection
	GlobalSection(ProjectConfigurationPlatforms) = postSolution
		{BCB61BD2-AD9A-46DD-A3D8-AFCEAA687D03}.Debug|Any CPU.ActiveCfg = Debug|Any CPU
		{BCB61BD2-AD9A-46DD-A3D8-AFCEAA687D03}.Debug|Any CPU.Build.0 = Debug|Any CPU
		{BCB61BD2-AD9A-46DD-A3D8-AFCEAA687D03}.Release|Any CPU.ActiveCfg = Release|Any CPU
		{BCB61BD2-AD9A-46DD-A3D8-AFCEAA687D03}.Release|Any CPU.Build.0 = Release|Any CPU
	EndGlobalSection
	GlobalSection(SolutionProperties) = preSolution
		HideSolutionNode = FALSE
	EndGlobalSection
	GlobalSection(ExtensibilityGlobals) = postSolution
		SolutionGuid = {A1AD01E3-32FF-4A67-B375-29C844B4E6C9}
	EndGlobalSection
EndGlobal
